
Microsoft Visual Studio Solution File, Format Version 12.00
# Visual Studio Version 17
VisualStudioVersion = 17.4.33205.214
MinimumVisualStudioVersion = 10.0.40219.1
Project("{FAE04EC0-301F-11D3-BF4B-00C04F79EFBC}") = "ProductAPI", "ProductAPI.csproj", "{9C63381B-0562-4D57-99DD-B53502E4E1CF}"
EndProject
Global
	GlobalSection(SolutionConfigurationPlatforms) = preSolution
		Debug|Any CPU = Debug|Any CPU
		Release|Any CPU = Release|Any CPU
	EndGlobalSection
	GlobalSection(ProjectConfigurationPlatforms) = postSolution
		{9C63381B-0562-4D57-99DD-B53502E4E1CF}.Debug|Any CPU.ActiveCfg = Debug|Any CPU
		{9C63381B-0562-4D57-99DD-B53502E4E1CF}.Debug|Any CPU.Build.0 = Debug|Any CPU
		{9C63381B-0562-4D57-99DD-B53502E4E1CF}.Release|Any CPU.ActiveCfg = Release|Any CPU
		{9C63381B-0562-4D57-99DD-B53502E4E1CF}.Release|Any CPU.Build.0 = Release|Any CPU
	EndGlobalSection
	GlobalSection(SolutionProperties) = preSolution
		HideSolutionNode = FALSE
	EndGlobalSection
	GlobalSection(ExtensibilityGlobals) = postSolution
		SolutionGuid = {84016F15-F9CC-4761-BADE-278BE1CF8A8F}
	EndGlobalSection
EndGlobal
